
Microsoft Visual Studio Solution File, Format Version 12.00
# Visual Studio 14
VisualStudioVersion = 14.0.25420.1
MinimumVisualStudioVersion = 10.0.40219.1
Project("{FAE04EC0-301F-11D3-BF4B-00C04F79EFBC}") = "AspNetWithAngular2", "AspNetWithAngular2\AspNetWithAngular2.csproj", "{37A14928-74BD-47FE-B5F9-C205B29ADA57}"
EndProject
Global
	GlobalSection(SolutionConfigurationPlatforms) = preSolution
		Debug|Any CPU = Debug|Any CPU
		Release|Any CPU = Release|Any CPU
	EndGlobalSection
	GlobalSection(ProjectConfigurationPlatforms) = postSolution
		{37A14928-74BD-47FE-B5F9-C205B29ADA57}.Debug|Any CPU.ActiveCfg = Debug|Any CPU
		{37A14928-74BD-47FE-B5F9-C205B29ADA57}.Debug|Any CPU.Build.0 = Debug|Any CPU
		{37A14928-74BD-47FE-B5F9-C205B29ADA57}.Release|Any CPU.ActiveCfg = Release|Any CPU
		{37A14928-74BD-47FE-B5F9-C205B29ADA57}.Release|Any CPU.Build.0 = Release|Any CPU
	EndGlobalSection
	GlobalSection(SolutionProperties) = preSolution
		HideSolutionNode = FALSE
	EndGlobalSection
EndGlobal
